
Microsoft Visual Studio Solution File, Format Version 12.00
# Visual Studio Version 16
VisualStudioVersion = 16.0.29424.173
MinimumVisualStudioVersion = 10.0.40219.1
Project("{FAE04EC0-301F-11D3-BF4B-00C04F79EFBC}") = "iTunesAutoMinimized", "iTunesAutoMinimized\iTunesAutoMinimized.csproj", "{1E971A7A-C512-46D3-ABB6-E80604928FF3}"
EndProject
Global
	GlobalSection(SolutionConfigurationPlatforms) = preSolution
		Debug|Any CPU = Debug|Any CPU
		Release|Any CPU = Release|Any CPU
	EndGlobalSection
	GlobalSection(ProjectConfigurationPlatforms) = postSolution
		{1E971A7A-C512-46D3-ABB6-E80604928FF3}.Debug|Any CPU.ActiveCfg = Debug|Any CPU
		{1E971A7A-C512-46D3-ABB6-E80604928FF3}.Debug|Any CPU.Build.0 = Debug|Any CPU
		{1E971A7A-C512-46D3-ABB6-E80604928FF3}.Release|Any CPU.ActiveCfg = Release|Any CPU
		{1E971A7A-C512-46D3-ABB6-E80604928FF3}.Release|Any CPU.Build.0 = Release|Any CPU
	EndGlobalSection
	GlobalSection(SolutionProperties) = preSolution
		HideSolutionNode = FALSE
	EndGlobalSection
	GlobalSection(ExtensibilityGlobals) = postSolution
		SolutionGuid = {1F77CB78-AC33-4B4A-A097-4FC011AB1141}
	EndGlobalSection
EndGlobal
